{
  "name": "@wdio/junit-reporter",
  "version": "9.26.1",
  "lockfileVersion": 3,
  "requires": true,
  "packages": {
    "": {
      "name": "@wdio/junit-reporter",
      "version": "9.26.1",
      "license": "MIT",
      "dependencies": {
        "@wdio/reporter": "^9.26.1",
        "@wdio/types": "^9.26.1",
        "json-stringify-safe": "^5.0.1",
        "junit-report-builder": "^5.1.1"
      },
      "devDependencies": {
        "@types/json-stringify-safe": "^5.0.0",
        "typescript": "^5.0.0"
      },
      "engines": {
        "node": ">=18.20.0"
      }
    },
    "node_modules/@types/json-stringify-safe": {
      "version": "5.0.3",
      "resolved": "https://registry.npmjs.org/@types/json-stringify-safe/-/json-stringify-safe-5.0.3.tgz",
      "integrity": "sha512-oNOjRxLfPeYbBSQ60maucaFNqbslVOPU4WWs5t/sHvAh6tyo/CThXSG+E24tEzkgh/fzvxyDrYdOJufgeNy1sQ==",
      "dev": true
    },
    "node_modules/@types/node": {
      "version": "20.19.37",
      "resolved": "https://registry.npmjs.org/@types/node/-/node-20.19.37.tgz",
      "integrity": "sha512-8kzdPJ3FsNsVIurqBs7oodNnCEVbni9yUEkaHbgptDACOPW04jimGagZ51E6+lXUwJjgnBw+hyko/lkFWCldqw==",
      "dependencies": {
        "undici-types": "~6.21.0"
      }
    },
    "node_modules/@wdio/logger": {
      "version": "9.18.0",
      "resolved": "https://registry.npmjs.org/@wdio/logger/-/logger-9.18.0.tgz",
      "integrity": "sha512-HdzDrRs+ywAqbXGKqe1i/bLtCv47plz4TvsHFH3j729OooT5VH38ctFn5aLXgECmiAKDkmH/A6kOq2Zh5DIxww==",
      "dependencies": {
        "chalk": "^5.1.2",
        "loglevel": "^1.6.0",
        "loglevel-plugin-prefix": "^0.8.4",
        "safe-regex2": "^5.0.0",
        "strip-ansi": "^7.1.0"
      },
      "engines": {
        "node": ">=18.20.0"
      }
    },
    "node_modules/@wdio/reporter": {
      "version": "9.27.0",
      "resolved": "https://registry.npmjs.org/@wdio/reporter/-/reporter-9.27.0.tgz",
      "integrity": "sha512-JsazSrpdKrUEz0RkZcNzHHO9EaoJsWnjzi8Lk3hyI3e2T0M0d/EZTaYwLU+zZXr9VRJBulv8DhRfmBx+gbY2jw==",
      "dependencies": {
        "@types/node": "^20.1.0",
        "@wdio/logger": "9.18.0",
        "@wdio/types": "9.27.0",
        "diff": "^8.0.2",
        "object-inspect": "^1.12.0"
      },
      "engines": {
        "node": ">=18.20.0"
      }
    },
    "node_modules/@wdio/types": {
      "version": "9.27.0",
      "resolved": "https://registry.npmjs.org/@wdio/types/-/types-9.27.0.tgz",
      "integrity": "sha512-DQJ+OdRBqUBcQ30DN2Z651hEVh3OoxnlDUSRqlWy9An2AY6v9rYWTj825B6zsj5pLLEToYO1tfwWq0ab183pXg==",
      "dependencies": {
        "@types/node": "^20.1.0"
      },
      "engines": {
        "node": ">=18.20.0"
      }
    },
    "node_modules/ansi-regex": {
      "version": "6.2.2",
      "resolved": "https://registry.npmjs.org/ansi-regex/-/ansi-regex-6.2.2.tgz",
      "integrity": "sha512-Bq3SmSpyFHaWjPk8If9yc6svM8c56dB5BAtW4Qbw5jHTwwXXcTLoRMkpDJp6VL0XzlWaCHTXrkFURMYmD0sLqg==",
      "engines": {
        "node": ">=12"
      },
      "funding": {
        "url": "https://github.com/chalk/ansi-regex?sponsor=1"
      }
    },
    "node_modules/chalk": {
      "version": "5.6.2",
      "resolved": "https://registry.npmjs.org/chalk/-/chalk-5.6.2.tgz",
      "integrity": "sha512-7NzBL0rN6fMUW+f7A6Io4h40qQlG+xGmtMxfbnH/K7TAtt8JQWVQK+6g0UXKMeVJoyV5EkkNsErQ8pVD3bLHbA==",
      "engines": {
        "node": "^12.17.0 || ^14.13 || >=16.0.0"
      },
      "funding": {
        "url": "https://github.com/chalk/chalk?sponsor=1"
      }
    },
    "node_modules/diff": {
      "version": "8.0.4",
      "resolved": "https://registry.npmjs.org/diff/-/diff-8.0.4.tgz",
      "integrity": "sha512-DPi0FmjiSU5EvQV0++GFDOJ9ASQUVFh5kD+OzOnYdi7n3Wpm9hWWGfB/O2blfHcMVTL5WkQXSnRiK9makhrcnw==",
      "engines": {
        "node": ">=0.3.1"
      }
    },
    "node_modules/json-stringify-safe": {
      "version": "5.0.1",
      "resolved": "https://registry.npmjs.org/json-stringify-safe/-/json-stringify-safe-5.0.1.tgz",
      "integrity": "sha512-ZClg6AaYvamvYEE82d3Iyd3vSSIjQ+odgjaTzRuO3s7toCdFKczob2i0zCh7JE8kWn17yvAWhUVxvqGwUalsRA=="
    },
    "node_modules/junit-report-builder": {
      "version": "5.1.1",
      "resolved": "https://registry.npmjs.org/junit-report-builder/-/junit-report-builder-5.1.1.tgz",
      "integrity": "sha512-ZNOIIGMzqCGcHQEA2Q4rIQQ3Df6gSIfne+X9Rly9Bc2y55KxAZu8iGv+n2pP0bLf0XAOctJZgeloC54hWzCahQ==",
      "dependencies": {
        "lodash": "^4.17.21",
        "make-dir": "^3.1.0",
        "xmlbuilder": "^15.1.1"
      },
      "engines": {
        "node": ">=16"
      }
    },
    "node_modules/lodash": {
      "version": "4.17.23",
      "resolved": "https://registry.npmjs.org/lodash/-/lodash-4.17.23.tgz",
      "integrity": "sha512-LgVTMpQtIopCi79SJeDiP0TfWi5CNEc/L/aRdTh3yIvmZXTnheWpKjSZhnvMl8iXbC1tFg9gdHHDMLoV7CnG+w=="
    },
    "node_modules/loglevel": {
      "version": "1.9.2",
      "resolved": "https://registry.npmjs.org/loglevel/-/loglevel-1.9.2.tgz",
      "integrity": "sha512-HgMmCqIJSAKqo68l0rS2AanEWfkxaZ5wNiEFb5ggm08lDs9Xl2KxBlX3PTcaD2chBM1gXAYf491/M2Rv8Jwayg==",
      "engines": {
        "node": ">= 0.6.0"
      },
      "funding": {
        "type": "tidelift",
        "url": "https://tidelift.com/funding/github/npm/loglevel"
      }
    },
    "node_modules/loglevel-plugin-prefix": {
      "version": "0.8.4",
      "resolved": "https://registry.npmjs.org/loglevel-plugin-prefix/-/loglevel-plugin-prefix-0.8.4.tgz",
      "integrity": "sha512-WpG9CcFAOjz/FtNht+QJeGpvVl/cdR6P0z6OcXSkr8wFJOsV2GRj2j10JLfjuA4aYkcKCNIEqRGCyTife9R8/g=="
    },
    "node_modules/make-dir": {
      "version": "3.1.0",
      "resolved": "https://registry.npmjs.org/make-dir/-/make-dir-3.1.0.tgz",
      "integrity": "sha512-g3FeP20LNwhALb/6Cz6Dd4F2ngze0jz7tbzrD2wAV+o9FeNHe4rL+yK2md0J/fiSf1sa1ADhXqi5+oVwOM/eGw==",
      "dependencies": {
        "semver": "^6.0.0"
      },
      "engines": {
        "node": ">=8"
      },
      "funding": {
        "url": "https://github.com/sponsors/sindresorhus"
      }
    },
    "node_modules/object-inspect": {
      "version": "1.13.4",
      "resolved": "https://registry.npmjs.org/object-inspect/-/object-inspect-1.13.4.tgz",
      "integrity": "sha512-W67iLl4J2EXEGTbfeHCffrjDfitvLANg0UlX3wFUUSTx92KXRFegMHUVgSqE+wvhAbi4WqjGg9czysTV2Epbew==",
      "engines": {
        "node": ">= 0.4"
      },
      "funding": {
        "url": "https://github.com/sponsors/ljharb"
      }
    },
    "node_modules/ret": {
      "version": "0.5.0",
      "resolved": "https://registry.npmjs.org/ret/-/ret-0.5.0.tgz",
      "integrity": "sha512-I1XxrZSQ+oErkRR4jYbAyEEu2I0avBvvMM5JN+6EBprOGRCs63ENqZ3vjavq8fBw2+62G5LF5XelKwuJpcvcxw==",
      "engines": {
        "node": ">=10"
      }
    },
    "node_modules/safe-regex2": {
      "version": "5.1.0",
      "resolved": "https://registry.npmjs.org/safe-regex2/-/safe-regex2-5.1.0.tgz",
      "integrity": "sha512-pNHAuBW7TrcleFHsxBr5QMi/Iyp0ENjUKz7GCcX1UO7cMh+NmVK6HxQckNL1tJp1XAJVjG6B8OKIPqodqj9rtw==",
      "funding": [
        {
          "type": "github",
          "url": "https://github.com/sponsors/fastify"
        },
        {
          "type": "opencollective",
          "url": "https://opencollective.com/fastify"
        }
      ],
      "dependencies": {
        "ret": "~0.5.0"
      },
      "bin": {
        "safe-regex2": "bin/safe-regex2.js"
      }
    },
    "node_modules/semver": {
      "version": "6.3.1",
      "resolved": "https://registry.npmjs.org/semver/-/semver-6.3.1.tgz",
      "integrity": "sha512-BR7VvDCVHO+q2xBEWskxS6DJE1qRnb7DxzUrogb71CWoSficBxYsiAGd+Kl0mmq/MprG9yArRkyrQxTO6XjMzA==",
      "bin": {
        "semver": "bin/semver.js"
      }
    },
    "node_modules/strip-ansi": {
      "version": "7.2.0",
      "resolved": "https://registry.npmjs.org/strip-ansi/-/strip-ansi-7.2.0.tgz",
      "integrity": "sha512-yDPMNjp4WyfYBkHnjIRLfca1i6KMyGCtsVgoKe/z1+6vukgaENdgGBZt+ZmKPc4gavvEZ5OgHfHdrazhgNyG7w==",
      "dependencies": {
        "ansi-regex": "^6.2.2"
      },
      "engines": {
        "node": ">=12"
      },
      "funding": {
        "url": "https://github.com/chalk/strip-ansi?sponsor=1"
      }
    },
    "node_modules/typescript": {
      "version": "5.9.3",
      "resolved": "https://registry.npmjs.org/typescript/-/typescript-5.9.3.tgz",
      "integrity": "sha512-jl1vZzPDinLr9eUt3J/t7V6FgNEw9QjvBPdysz9KfQDD41fQrC2Y4vKQdiaUpFT4bXlb1RHhLpp8wtm6M5TgSw==",
      "dev": true,
      "bin": {
        "tsc": "bin/tsc",
        "tsserver": "bin/tsserver"
      },
      "engines": {
        "node": ">=14.17"
      }
    },
    "node_modules/undici-types": {
      "version": "6.21.0",
      "resolved": "https://registry.npmjs.org/undici-types/-/undici-types-6.21.0.tgz",
      "integrity": "sha512-iwDZqg0QAGrg9Rav5H4n0M64c3mkR59cJ6wQp+7C4nI0gsmExaedaYLNO44eT4AtBBwjbTiGPMlt2Md0T9H9JQ=="
    },
    "node_modules/xmlbuilder": {
      "version": "15.1.1",
      "resolved": "https://registry.npmjs.org/xmlbuilder/-/xmlbuilder-15.1.1.tgz",
      "integrity": "sha512-yMqGBqtXyeN1e3TGYvgNgDVZ3j84W4cwkOXQswghol6APgZWaff9lnbvN7MHYJOiXsvGPXtjTYJEiC9J2wv9Eg==",
      "engines": {
        "node": ">=8.0"
      }
    }
  }
}
